
Microsoft Visual Studio Solution File, Format Version 12.00
# Visual Studio Version 17
VisualStudioVersion = 17.5.33627.172
MinimumVisualStudioVersion = 10.0.40219.1
Project("{2150E333-8FDC-42A3-9474-1A3956D46DE8}") = "src", "src", "{374AE69E-07F3-4375-8BA6-3B6112F0C5AF}"
EndProject
Project("{9A19103F-16F7-4668-BE54-9A1E7A4F7556}") = "Web", "src\Web\Web.csproj", "{CA0BD724-E1D9-4BE8-AC1D-64D798C16FC7}"
EndProject
Project("{9A19103F-16F7-4668-BE54-9A1E7A4F7556}") = "WebApi", "src\WebApi\WebApi.csproj", "{AFFB3C50-ED98-46AC-9D68-D45E53DD76C7}"
EndProject
Project("{9A19103F-16F7-4668-BE54-9A1E7A4F7556}") = "Application", "src\Application\Application.csproj", "{318AB561-2AEC-45C2-A768-F271228732E9}"
EndProject
Project("{9A19103F-16F7-4668-BE54-9A1E7A4F7556}") = "Infraestructure", "src\Infraestructure\Infraestructure.csproj", "{00F78C26-7C1F-42C8-AA0B-02260FBA6A57}"
EndProject
Project("{9A19103F-16F7-4668-BE54-9A1E7A4F7556}") = "Domain", "src\Domain\Domain.csproj", "{E41F6822-C123-413A-8BAC-2FCCFB81AE24}"
EndProject
Global
	GlobalSection(SolutionConfigurationPlatforms) = preSolution
		Debug|Any CPU = Debug|Any CPU
		Release|Any CPU = Release|Any CPU
	EndGlobalSection
	GlobalSection(ProjectConfigurationPlatforms) = postSolution
		{CA0BD724-E1D9-4BE8-AC1D-64D798C16FC7}.Debug|Any CPU.ActiveCfg = Debug|Any CPU
		{CA0BD724-E1D9-4BE8-AC1D-64D798C16FC7}.Debug|Any CPU.Build.0 = Debug|Any CPU
		{CA0BD724-E1D9-4BE8-AC1D-64D798C16FC7}.Release|Any CPU.ActiveCfg = Release|Any CPU
		{CA0BD724-E1D9-4BE8-AC1D-64D798C16FC7}.Release|Any CPU.Build.0 = Release|Any CPU
		{AFFB3C50-ED98-46AC-9D68-D45E53DD76C7}.Debug|Any CPU.ActiveCfg = Debug|Any CPU
		{AFFB3C50-ED98-46AC-9D68-D45E53DD76C7}.Debug|Any CPU.Build.0 = Debug|Any CPU
		{AFFB3C50-ED98-46AC-9D68-D45E53DD76C7}.Release|Any CPU.ActiveCfg = Release|Any CPU
		{AFFB3C50-ED98-46AC-9D68-D45E53DD76C7}.Release|Any CPU.Build.0 = Release|Any CPU
		{318AB561-2AEC-45C2-A768-F271228732E9}.Debug|Any CPU.ActiveCfg = Debug|Any CPU
		{318AB561-2AEC-45C2-A768-F271228732E9}.Debug|Any CPU.Build.0 = Debug|Any CPU
		{318AB561-2AEC-45C2-A768-F271228732E9}.Release|Any CPU.ActiveCfg = Release|Any CPU
		{318AB561-2AEC-45C2-A768-F271228732E9}.Release|Any CPU.Build.0 = Release|Any CPU
		{00F78C26-7C1F-42C8-AA0B-02260FBA6A57}.Debug|Any CPU.ActiveCfg = Debug|Any CPU
		{00F78C26-7C1F-42C8-AA0B-02260FBA6A57}.Debug|Any CPU.Build.0 = Debug|Any CPU
		{00F78C26-7C1F-42C8-AA0B-02260FBA6A57}.Release|Any CPU.ActiveCfg = Release|Any CPU
		{00F78C26-7C1F-42C8-AA0B-02260FBA6A57}.Release|Any CPU.Build.0 = Release|Any CPU
		{E41F6822-C123-413A-8BAC-2FCCFB81AE24}.Debug|Any CPU.ActiveCfg = Debug|Any CPU
		{E41F6822-C123-413A-8BAC-2FCCFB81AE24}.Debug|Any CPU.Build.0 = Debug|Any CPU
		{E41F6822-C123-413A-8BAC-2FCCFB81AE24}.Release|Any CPU.ActiveCfg = Release|Any CPU
		{E41F6822-C123-413A-8BAC-2FCCFB81AE24}.Release|Any CPU.Build.0 = Release|Any CPU
	EndGlobalSection
	GlobalSection(SolutionProperties) = preSolution
		HideSolutionNode = FALSE
	EndGlobalSection
	GlobalSection(NestedProjects) = preSolution
		{CA0BD724-E1D9-4BE8-AC1D-64D798C16FC7} = {374AE69E-07F3-4375-8BA6-3B6112F0C5AF}
		{AFFB3C50-ED98-46AC-9D68-D45E53DD76C7} = {374AE69E-07F3-4375-8BA6-3B6112F0C5AF}
		{318AB561-2AEC-45C2-A768-F271228732E9} = {374AE69E-07F3-4375-8BA6-3B6112F0C5AF}
		{00F78C26-7C1F-42C8-AA0B-02260FBA6A57} = {374AE69E-07F3-4375-8BA6-3B6112F0C5AF}
		{E41F6822-C123-413A-8BAC-2FCCFB81AE24} = {374AE69E-07F3-4375-8BA6-3B6112F0C5AF}
	EndGlobalSection
	GlobalSection(ExtensibilityGlobals) = postSolution
		SolutionGuid = {1B3F5FB2-5C96-456C-AB6B-BD121ECFF675}
	EndGlobalSection
EndGlobal
